// !$*UTF8*$!
{
	archiveVersion = 1;
	classes = {
	};
	objectVersion = 50;
	objects = {

/* Begin PBXBuildFile section */
		94FBEB8526839032005F3012 /* AppDelegate.m in Sources */ = {isa = PBXBuildFile; fileRef = 94FBEB8426839032005F3012 /* AppDelegate.m */; };
		94FBEB8826839032005F3012 /* SceneDelegate.m in Sources */ = {isa = PBXBuildFile; fileRef = 94FBEB8726839032005F3012 /* SceneDelegate.m */; };
		94FBEB8B26839032005F3012 /* ViewController.m in Sources */ = {isa = PBXBuildFile; fileRef = 94FBEB8A26839032005F3012 /* ViewController.m */; };
		94FBEB8E26839032005F3012 /* Main.storyboard in Resources */ = {isa = PBXBuildFile; fileRef = 94FBEB8C26839032005F3012 /* Main.storyboard */; };
		94FBEB9026839033005F3012 /* Assets.xcassets in Resources */ = {isa = PBXBuildFile; fileRef = 94FBEB8F26839033005F3012 /* Assets.xcassets */; };
		94FBEB9326839033005F3012 /* LaunchScreen.storyboard in Resources */ = {isa = PBXBuildFile; fileRef = 94FBEB9126839033005F3012 /* LaunchScreen.storyboard */; };
		94FBEB9626839033005F3012 /* main.m in Sources */ = {isa = PBXBuildFile; fileRef = 94FBEB9526839033005F3012 /* main.m */; };
		94FBEBA026839033005F3012 /* FlixTests.m in Sources */ = {isa = PBXBuildFile; fileRef = 94FBEB9F26839033005F3012 /* FlixTests.m */; };
		94FBEBAB26839033005F3012 /* FlixUITests.m in Sources */ = {isa = PBXBuildFile; fileRef = 94FBEBAA26839033005F3012 /* FlixUITests.m */; };
/* End PBXBuildFile section */

/* Begin PBXContainerItemProxy section */
		94FBEB9C26839033005F3012 /* PBXContainerItemProxy */ = {
			isa = PBXContainerItemProxy;
			containerPortal = 94FBEB7826839032005F3012 /* Project object */;
			proxyType = 1;
			remoteGlobalIDString = 94FBEB7F26839032005F3012;
			remoteInfo = Flix;
		};
		94FBEBA726839033005F3012 /* PBXContainerItemProxy */ = {
			isa = PBXContainerItemProxy;
			containerPortal = 94FBEB7826839032005F3012 /* Project object */;
			proxyType = 1;
			remoteGlobalIDString = 94FBEB7F26839032005F3012;
			remoteInfo = Flix;
		};
/* End PBXContainerItemProxy section */

/* Begin PBXFileReference section */
		94FBEB8026839032005F3012 /* Flix.app */ = {isa = PBXFileReference; explicitFileType = wrapper.application; includeInIndex = 0; path = Flix.app; sourceTree = BUILT_PRODUCTS_DIR; };
		94FBEB8326839032005F3012 /* AppDelegate.h */ = {isa = PBXFileReference; lastKnownFileType = sourcecode.c.h; path = AppDelegate.h; sourceTree = "<group>"; };
		94FBEB8426839032005F3012 /* AppDelegate.m */ = {isa = PBXFileReference; lastKnownFileType = sourcecode.c.objc; path = AppDelegate.m; sourceTree = "<group>"; };
		94FBEB8626839032005F3012 /* SceneDelegate.h */ = {isa = PBXFileReference; lastKnownFileType = sourcecode.c.h; path = SceneDelegate.h; sourceTree = "<group>"; };
		94FBEB8726839032005F3012 /* SceneDelegate.m */ = {isa = PBXFileReference; lastKnownFileType = sourcecode.c.objc; path = SceneDelegate.m; sourceTree = "<group>"; };
		94FBEB8926839032005F3012 /* ViewController.h */ = {isa = PBXFileReference; lastKnownFileType = sourcecode.c.h; path = ViewController.h; sourceTree = "<group>"; };
		94FBEB8A26839032005F3012 /* ViewController.m */ = {isa = PBXFileReference; lastKnownFileType = sourcecode.c.objc; path = ViewController.m; sourceTree = "<group>"; };
		94FBEB8D26839032005F3012 /* Base */ = {isa = PBXFileReference; lastKnownFileType = file.storyboard; name = Base; path = Base.lproj/Main.storyboard; sourceTree = "<group>"; };
		94FBEB8F26839033005F3012 /* Assets.xcassets */ = {isa = PBXFileReference; lastKnownFileType = folder.assetcatalog; path = Assets.xcassets; sourceTree = "<group>"; };
		94FBEB9226839033005F3012 /* Base */ = {isa = PBXFileReference; lastKnownFileType = file.storyboard; name = Base; path = Base.lproj/LaunchScreen.storyboard; sourceTree = "<group>"; };
		94FBEB9426839033005F3012 /* Info.plist */ = {isa = PBXFileReference; lastKnownFileType = text.plist.xml; path = Info.plist; sourceTree = "<group>"; };
		94FBEB9526839033005F3012 /* main.m */ = {isa = PBXFileReference; lastKnownFileType = sourcecode.c.objc; path = main.m; sourceTree = "<group>"; };
		94FBEB9B26839033005F3012 /* FlixTests.xctest */ = {isa = PBXFileReference; explicitFileType = wrapper.cfbundle; includeInIndex = 0; path = FlixTests.xctest; sourceTree = BUILT_PRODUCTS_DIR; };
		94FBEB9F26839033005F3012 /* FlixTests.m */ = {isa = PBXFileReference; lastKnownFileType = sourcecode.c.objc; path = FlixTests.m; sourceTree = "<group>"; };
		94FBEBA126839033005F3012 /* Info.plist */ = {isa = PBXFileReference; lastKnownFileType = text.plist.xml; path = Info.plist; sourceTree = "<group>"; };
		94FBEBA626839033005F3012 /* FlixUITests.xctest */ = {isa = PBXFileReference; explicitFileType = wrapper.cfbundle; includeInIndex = 0; path = FlixUITests.xctest; sourceTree = BUILT_PRODUCTS_DIR; };
		94FBEBAA26839033005F3012 /* FlixUITests.m */ = {isa = PBXFileReference; lastKnownFileType = sourcecode.c.objc; path = FlixUITests.m; sourceTree = "<group>"; };
		94FBEBAC26839033005F3012 /* Info.plist */ = {isa = PBXFileReference; lastKnownFileType = text.plist.xml; path = Info.plist; sourceTree = "<group>"; };
/* End PBXFileReference section */

/* Begin PBXFrameworksBuildPhase section */
		94FBEB7D26839032005F3012 /* Frameworks */ = {
			isa = PBXFrameworksBuildPhase;
			buildActionMask = 2147483647;
			files = (
			);
			runOnlyForDeploymentPostprocessing = 0;
		};
		94FBEB9826839033005F3012 /* Frameworks */ = {
			isa = PBXFrameworksBuildPhase;
			buildActionMask = 2147483647;
			files = (
			);
			runOnlyForDeploymentPostprocessing = 0;
		};
		94FBEBA326839033005F3012 /* Frameworks */ = {
			isa = PBXFrameworksBuildPhase;
			buildActionMask = 2147483647;
			files = (
			);
			runOnlyForDeploymentPostprocessing = 0;
		};
/* End PBXFrameworksBuildPhase section */

/* Begin PBXGroup section */
		94FBEB7726839032005F3012 = {
			isa = PBXGroup;
			children = (
				94FBEB8226839032005F3012 /* Flix */,
				94FBEB9E26839033005F3012 /* FlixTests */,
				94FBEBA926839033005F3012 /* FlixUITests */,
				94FBEB8126839032005F3012 /* Products */,
			);
			sourceTree = "<group>";
		};
		94FBEB8126839032005F3012 /* Products */ = {
			isa = PBXGroup;
			children = (
				94FBEB8026839032005F3012 /* Flix.app */,
				94FBEB9B26839033005F3012 /* FlixTests.xctest */,
				94FBEBA626839033005F3012 /* FlixUITests.xctest */,
			);
			name = Products;
			sourceTree = "<group>";
		};
		94FBEB8226839032005F3012 /* Flix */ = {
			isa = PBXGroup;
			children = (
				94FBEB8326839032005F3012 /* AppDelegate.h */,
				94FBEB8426839032005F3012 /* AppDelegate.m */,
				94FBEB8626839032005F3012 /* SceneDelegate.h */,
				94FBEB8726839032005F3012 /* SceneDelegate.m */,
				94FBEB8926839032005F3012 /* ViewController.h */,
				94FBEB8A26839032005F3012 /* ViewController.m */,
				94FBEB8C26839032005F3012 /* Main.storyboard */,
				94FBEB8F26839033005F3012 /* Assets.xcassets */,
				94FBEB9126839033005F3012 /* LaunchScreen.storyboard */,
				94FBEB9426839033005F3012 /* Info.plist */,
				94FBEB9526839033005F3012 /* main.m */,
			);
			path = Flix;
			sourceTree = "<group>";
		};
		94FBEB9E26839033005F3012 /* FlixTests */ = {
			isa = PBXGroup;
			children = (
				94FBEB9F26839033005F3012 /* FlixTests.m */,
				94FBEBA126839033005F3012 /* Info.plist */,
			);
			path = FlixTests;
			sourceTree = "<group>";
		};
		94FBEBA926839033005F3012 /* FlixUITests */ = {
			isa = PBXGroup;
			children = (
				94FBEBAA26839033005F3012 /* FlixUITests.m */,
				94FBEBAC26839033005F3012 /* Info.plist */,
			);
			path = FlixUITests;
			sourceTree = "<group>";
		};
/* End PBXGroup section */

/* Begin PBXNativeTarget section */
		94FBEB7F26839032005F3012 /* Flix */ = {
			isa = PBXNativeTarget;
			buildConfigurationList = 94FBEBAF26839033005F3012 /* Build configuration list for PBXNativeTarget "Flix" */;
			buildPhases = (
				94FBEB7C26839032005F3012 /* Sources */,
				94FBEB7D26839032005F3012 /* Frameworks */,
				94FBEB7E26839032005F3012 /* Resources */,
			);
			buildRules = (
			);
			dependencies = (
			);
			name = Flix;
			productName = Flix;
			productReference = 94FBEB8026839032005F3012 /* Flix.app */;
			productType = "com.apple.product-type.application";
		};
		94FBEB9A26839033005F3012 /* FlixTests */ = {
			isa = PBXNativeTarget;
			buildConfigurationList = 94FBEBB226839033005F3012 /* Build configuration list for PBXNativeTarget "FlixTests" */;
			buildPhases = (
				94FBEB9726839033005F3012 /* Sources */,
				94FBEB9826839033005F3012 /* Frameworks */,
				94FBEB9926839033005F3012 /* Resources */,
			);
			buildRules = (
			);
			dependencies = (
				94FBEB9D26839033005F3012 /* PBXTargetDependency */,
			);
			name = FlixTests;
			productName = FlixTests;
			productReference = 94FBEB9B26839033005F3012 /* FlixTests.xctest */;
			productType = "com.apple.product-type.bundle.unit-test";
		};
		94FBEBA526839033005F3012 /* FlixUITests */ = {
			isa = PBXNativeTarget;
			buildConfigurationList = 94FBEBB526839033005F3012 /* Build configuration list for PBXNativeTarget "FlixUITests" */;
			buildPhases = (
				94FBEBA226839033005F3012 /* Sources */,
				94FBEBA326839033005F3012 /* Frameworks */,
				94FBEBA426839033005F3012 /* Resources */,
			);
			buildRules = (
			);
			dependencies = (
				94FBEBA826839033005F3012 /* PBXTargetDependency */,
			);
			name = FlixUITests;
			productName = FlixUITests;
			productReference = 94FBEBA626839033005F3012 /* FlixUITests.xctest */;
			productType = "com.apple.product-type.bundle.ui-testing";
		};
/* End PBXNativeTarget section */

/* Begin PBXProject section */
		94FBEB7826839032005F3012 /* Project object */ = {
			isa = PBXProject;
			attributes = {
				LastUpgradeCheck = 1250;
				TargetAttributes = {
					94FBEB7F26839032005F3012 = {
						CreatedOnToolsVersion = 12.5.1;
					};
					94FBEB9A26839033005F3012 = {
						CreatedOnToolsVersion = 12.5.1;
						TestTargetID = 94FBEB7F26839032005F3012;
					};
					94FBEBA526839033005F3012 = {
						CreatedOnToolsVersion = 12.5.1;
						TestTargetID = 94FBEB7F26839032005F3012;
					};
				};
			};
			buildConfigurationList = 94FBEB7B26839032005F3012 /* Build configuration list for PBXProject "Flix" */;
			compatibilityVersion = "Xcode 9.3";
			developmentRegion = en;
			hasScannedForEncodings = 0;
			knownRegions = (
				en,
				Base,
			);
			mainGroup = 94FBEB7726839032005F3012;
			productRefGroup = 94FBEB8126839032005F3012 /* Products */;
			projectDirPath = "";
			projectRoot = "";
			targets = (
				94FBEB7F26839032005F3012 /* Flix */,
				94FBEB9A26839033005F3012 /* FlixTests */,
				94FBEBA526839033005F3012 /* FlixUITests */,
			);
		};
/* End PBXProject section */

/* Begin PBXResourcesBuildPhase section */
		94FBEB7E26839032005F3012 /* Resources */ = {
			isa = PBXResourcesBuildPhase;
			buildActionMask = 2147483647;
			files = (
				94FBEB9326839033005F3012 /* LaunchScreen.storyboard in Resources */,
				94FBEB9026839033005F3012 /* Assets.xcassets in Resources */,
				94FBEB8E26839032005F3012 /* Main.storyboard in Resources */,
			);
			runOnlyForDeploymentPostprocessing = 0;
		};
		94FBEB9926839033005F3012 /* Resources */ = {
			isa = PBXResourcesBuildPhase;
			buildActionMask = 2147483647;
			files = (
			);
			runOnlyForDeploymentPostprocessing = 0;
		};
		94FBEBA426839033005F3012 /* Resources */ = {
			isa = PBXResourcesBuildPhase;
			buildActionMask = 2147483647;
			files = (
			);
			runOnlyForDeploymentPostprocessing = 0;
		};
/* End PBXResourcesBuildPhase section */

/* Begin PBXSourcesBuildPhase section */
		94FBEB7C26839032005F3012 /* Sources */ = {
			isa = PBXSourcesBuildPhase;
			buildActionMask = 2147483647;
			files = (
				94FBEB8B26839032005F3012 /* ViewController.m in Sources */,
				94FBEB8526839032005F3012 /* AppDelegate.m in Sources */,
				94FBEB9626839033005F3012 /* main.m in Sources */,
				94FBEB8826839032005F3012 /* SceneDelegate.m in Sources */,
			);
			runOnlyForDeploymentPostprocessing = 0;
		};
		94FBEB9726839033005F3012 /* Sources */ = {
			isa = PBXSourcesBuildPhase;
			buildActionMask = 2147483647;
			files = (
				94FBEBA026839033005F3012 /* FlixTests.m in Sources */,
			);
			runOnlyForDeploymentPostprocessing = 0;
		};
		94FBEBA226839033005F3012 /* Sources */ = {
			isa = PBXSourcesBuildPhase;
			buildActionMask = 2147483647;
			files = (
				94FBEBAB26839033005F3012 /* FlixUITests.m in Sources */,
			);
			runOnlyForDeploymentPostprocessing = 0;
		};
/* End PBXSourcesBuildPhase section */

/* Begin PBXTargetDependency section */
		94FBEB9D26839033005F3012 /* PBXTargetDependency */ = {
			isa = PBXTargetDependency;
			target = 94FBEB7F26839032005F3012 /* Flix */;
			targetProxy = 94FBEB9C26839033005F3012 /* PBXContainerItemProxy */;
		};
		94FBEBA826839033005F3012 /* PBXTargetDependency */ = {
			isa = PBXTargetDependency;
			target = 94FBEB7F26839032005F3012 /* Flix */;
			targetProxy = 94FBEBA726839033005F3012 /* PBXContainerItemProxy */;
		};
/* End PBXTargetDependency section */

/* Begin PBXVariantGroup section */
		94FBEB8C26839032005F3012 /* Main.storyboard */ = {
			isa = PBXVariantGroup;
			children = (
				94FBEB8D26839032005F3012 /* Base */,
			);
			name = Main.storyboard;
			sourceTree = "<group>";
		};
		94FBEB9126839033005F3012 /* LaunchScreen.storyboard */ = {
			isa = PBXVariantGroup;
			children = (
				94FBEB9226839033005F3012 /* Base */,
			);
			name = LaunchScreen.storyboard;
			sourceTree = "<group>";
		};
/* End PBXVariantGroup section */

/* Begin XCBuildConfiguration section */
		94FBEBAD26839033005F3012 /* Debug */ = {
			isa = XCBuildConfiguration;
			buildSettings = {
				ALWAYS_SEARCH_USER_PATHS = NO;
				CLANG_ANALYZER_NONNULL = YES;
				CLANG_ANALYZER_NUMBER_OBJECT_CONVERSION = YES_AGGRESSIVE;
				CLANG_CXX_LANGUAGE_STANDARD = "gnu++14";
				CLANG_CXX_LIBRARY = "libc++";
				CLANG_ENABLE_MODULES = YES;
				CLANG_ENABLE_OBJC_ARC = YES;
				CLANG_ENABLE_OBJC_WEAK = YES;
				CLANG_WARN_BLOCK_CAPTURE_AUTORELEASING = YES;
				CLANG_WARN_BOOL_CONVERSION = YES;
				CLANG_WARN_COMMA = YES;
				CLANG_WARN_CONSTANT_CONVERSION = YES;
				CLANG_WARN_DEPRECATED_OBJC_IMPLEMENTATIONS = YES;
				CLANG_WARN_DIRECT_OBJC_ISA_USAGE = YES_ERROR;
				CLANG_WARN_DOCUMENTATION_COMMENTS = YES;
				CLANG_WARN_EMPTY_BODY = YES;
				CLANG_WARN_ENUM_CONVERSION = YES;
				CLANG_WARN_INFINITE_RECURSION = YES;
				CLANG_WARN_INT_CONVERSION = YES;
				CLANG_WARN_NON_LITERAL_NULL_CONVERSION = YES;
				CLANG_WARN_OBJC_IMPLICIT_RETAIN_SELF = YES;
				CLANG_WARN_OBJC_LITERAL_CONVERSION = YES;
				CLANG_WARN_OBJC_ROOT_CLASS = YES_ERROR;
				CLANG_WARN_QUOTED_INCLUDE_IN_FRAMEWORK_HEADER = YES;
				CLANG_WARN_RANGE_LOOP_ANALYSIS = YES;
				CLANG_WARN_STRICT_PROTOTYPES = YES;
				CLANG_WARN_SUSPICIOUS_MOVE = YES;
				CLANG_WARN_UNGUARDED_AVAILABILITY = YES_AGGRESSIVE;
				CLANG_WARN_UNREACHABLE_CODE = YES;
				CLANG_WARN__DUPLICATE_METHOD_MATCH = YES;
				COPY_PHASE_STRIP = NO;
				DEBUG_INFORMATION_FORMAT = dwarf;
				ENABLE_STRICT_OBJC_MSGSEND = YES;
				ENABLE_TESTABILITY = YES;
				GCC_C_LANGUAGE_STANDARD = gnu11;
				GCC_DYNAMIC_NO_PIC = NO;
				GCC_NO_COMMON_BLOCKS = YES;
				GCC_OPTIMIZATION_LEVEL = 0;
				GCC_PREPROCESSOR_DEFINITIONS = (
					"DEBUG=1",
					"$(inherited)",
				);
				GCC_WARN_64_TO_32_BIT_CONVERSION = YES;
				GCC_WARN_ABOUT_RETURN_TYPE = YES_ERROR;
				GCC_WARN_UNDECLARED_SELECTOR = YES;
				GCC_WARN_UNINITIALIZED_AUTOS = YES_AGGRESSIVE;
				GCC_WARN_UNUSED_FUNCTION = YES;
				GCC_WARN_UNUSED_VARIABLE = YES;
				IPHONEOS_DEPLOYMENT_TARGET = 14.5;
				MTL_ENABLE_DEBUG_INFO = INCLUDE_SOURCE;
				MTL_FAST_MATH = YES;
				ONLY_ACTIVE_ARCH = YES;
				SDKROOT = iphoneos;
			};
			name = Debug;
		};
		94FBEBAE26839033005F3012 /* Release */ = {
			isa = XCBuildConfiguration;
			buildSettings = {
				ALWAYS_SEARCH_USER_PATHS = NO;
				CLANG_ANALYZER_NONNULL = YES;
				CLANG_ANALYZER_NUMBER_OBJECT_CONVERSION = YES_AGGRESSIVE;
				CLANG_CXX_LANGUAGE_STANDARD = "gnu++14";
				CLANG_CXX_LIBRARY = "libc++";
				CLANG_ENABLE_MODULES = YES;
				CLANG_ENABLE_OBJC_ARC = YES;
				CLANG_ENABLE_OBJC_WEAK = YES;
				CLANG_WARN_BLOCK_CAPTURE_AUTORELEASING = YES;
				CLANG_WARN_BOOL_CONVERSION = YES;
				CLANG_WARN_COMMA = YES;
				CLANG_WARN_CONSTANT_CONVERSION = YES;
				CLANG_WARN_DEPRECATED_OBJC_IMPLEMENTATIONS = YES;
				CLANG_WARN_DIRECT_OBJC_ISA_USAGE = YES_ERROR;
				CLANG_WARN_DOCUMENTATION_COMMENTS = YES;
				CLANG_WARN_EMPTY_BODY = YES;
				CLANG_WARN_ENUM_CONVERSION = YES;
				CLANG_WARN_INFINITE_RECURSION = YES;
				CLANG_WARN_INT_CONVERSION = YES;
				CLANG_WARN_NON_LITERAL_NULL_CONVERSION = YES;
				CLANG_WARN_OBJC_IMPLICIT_RETAIN_SELF = YES;
				CLANG_WARN_OBJC_LITERAL_CONVERSION = YES;
				CLANG_WARN_OBJC_ROOT_CLASS = YES_ERROR;
				CLANG_WARN_QUOTED_INCLUDE_IN_FRAMEWORK_HEADER = YES;
				CLANG_WARN_RANGE_LOOP_ANALYSIS = YES;
				CLANG_WARN_STRICT_PROTOTYPES = YES;
				CLANG_WARN_SUSPICIOUS_MOVE = YES;
				CLANG_WARN_UNGUARDED_AVAILABILITY = YES_AGGRESSIVE;
				CLANG_WARN_UNREACHABLE_CODE = YES;
				CLANG_WARN__DUPLICATE_METHOD_MATCH = YES;
				COPY_PHASE_STRIP = NO;
				DEBUG_INFORMATION_FORMAT = "dwarf-with-dsym";
				ENABLE_NS_ASSERTIONS = NO;
				ENABLE_STRICT_OBJC_MSGSEND = YES;
				GCC_C_LANGUAGE_STANDARD = gnu11;
				GCC_NO_COMMON_BLOCKS = YES;
				GCC_WARN_64_TO_32_BIT_CONVERSION = YES;
				GCC_WARN_ABOUT_RETURN_TYPE = YES_ERROR;
				GCC_WARN_UNDECLARED_SELECTOR = YES;
				GCC_WARN_UNINITIALIZED_AUTOS = YES_AGGRESSIVE;
				GCC_WARN_UNUSED_FUNCTION = YES;
				GCC_WARN_UNUSED_VARIABLE = YES;
				IPHONEOS_DEPLOYMENT_TARGET = 14.5;
				MTL_ENABLE_DEBUG_INFO = NO;
				MTL_FAST_MATH = YES;
				SDKROOT = iphoneos;
				VALIDATE_PRODUCT = YES;
			};
			name = Release;
		};
		94FBEBB026839033005F3012 /* Debug */ = {
			isa = XCBuildConfiguration;
			buildSettings = {
				ASSETCATALOG_COMPILER_APPICON_NAME = AppIcon;
				ASSETCATALOG_COMPILER_GLOBAL_ACCENT_COLOR_NAME = AccentColor;
				CODE_SIGN_STYLE = Automatic;
				DEVELOPMENT_TEAM = BR38JM45T5;
				INFOPLIST_FILE = Flix/Info.plist;
				LD_RUNPATH_SEARCH_PATHS = (
					"$(inherited)",
					"@executable_path/Frameworks",
				);
				PRODUCT_BUNDLE_IDENTIFIER = com.og.tomisin.Flix;
				PRODUCT_NAME = "$(TARGET_NAME)";
				TARGETED_DEVICE_FAMILY = "1,2";
			};
			name = Debug;
		};
		94FBEBB126839033005F3012 /* Release */ = {
			isa = XCBuildConfiguration;
			buildSettings = {
				ASSETCATALOG_COMPILER_APPICON_NAME = AppIcon;
				ASSETCATALOG_COMPILER_GLOBAL_ACCENT_COLOR_NAME = AccentColor;
				CODE_SIGN_STYLE = Automatic;
				DEVELOPMENT_TEAM = BR38JM45T5;
				INFOPLIST_FILE = Flix/Info.plist;
				LD_RUNPATH_SEARCH_PATHS = (
					"$(inherited)",
					"@executable_path/Frameworks",
				);
				PRODUCT_BUNDLE_IDENTIFIER = com.og.tomisin.Flix;
				PRODUCT_NAME = "$(TARGET_NAME)";
				TARGETED_DEVICE_FAMILY = "1,2";
			};
			name = Release;
		};
		94FBEBB326839033005F3012 /* Debug */ = {
			isa = XCBuildConfiguration;
			buildSettings = {
				BUNDLE_LOADER = "$(TEST_HOST)";
				CODE_SIGN_STYLE = Automatic;
				DEVELOPMENT_TEAM = BR38JM45T5;
				INFOPLIST_FILE = FlixTests/Info.plist;
				IPHONEOS_DEPLOYMENT_TARGET = 14.5;
				LD_RUNPATH_SEARCH_PATHS = (
					"$(inherited)",
					"@executable_path/Frameworks",
					"@loader_path/Frameworks",
				);
				PRODUCT_BUNDLE_IDENTIFIER = com.og.tomisin.FlixTests;
				PRODUCT_NAME = "$(TARGET_NAME)";
				TARGETED_DEVICE_FAMILY = "1,2";
				TEST_HOST = "$(BUILT_PRODUCTS_DIR)/Flix.app/Flix";
			};
			name = Debug;
		};
		94FBEBB426839033005F3012 /* Release */ = {
			isa = XCBuildConfiguration;
			buildSettings = {
				BUNDLE_LOADER = "$(TEST_HOST)";
				CODE_SIGN_STYLE = Automatic;
				DEVELOPMENT_TEAM = BR38JM45T5;
				INFOPLIST_FILE = FlixTests/Info.plist;
				IPHONEOS_DEPLOYMENT_TARGET = 14.5;
				LD_RUNPATH_SEARCH_PATHS = (
					"$(inherited)",
					"@executable_path/Frameworks",
					"@loader_path/Frameworks",
				);
				PRODUCT_BUNDLE_IDENTIFIER = com.og.tomisin.FlixTests;
				PRODUCT_NAME = "$(TARGET_NAME)";
				TARGETED_DEVICE_FAMILY = "1,2";
				TEST_HOST = "$(BUILT_PRODUCTS_DIR)/Flix.app/Flix";
			};
			name = Release;
		};
		94FBEBB626839033005F3012 /* Debug */ = {
			isa = XCBuildConfiguration;
			buildSettings = {
				CODE_SIGN_STYLE = Automatic;
				DEVELOPMENT_TEAM = BR38JM45T5;
				INFOPLIST_FILE = FlixUITests/Info.plist;
				LD_RUNPATH_SEARCH_PATHS = (
					"$(inherited)",
					"@executable_path/Frameworks",
					"@loader_path/Frameworks",
				);
				PRODUCT_BUNDLE_IDENTIFIER = com.og.tomisin.FlixUITests;
				PRODUCT_NAME = "$(TARGET_NAME)";
				TARGETED_DEVICE_FAMILY = "1,2";
				TEST_TARGET_NAME = Flix;
			};
			name = Debug;
		};
		94FBEBB726839033005F3012 /* Release */ = {
			isa = XCBuildConfiguration;
			buildSettings = {
				CODE_SIGN_STYLE = Automatic;
				DEVELOPMENT_TEAM = BR38JM45T5;
				INFOPLIST_FILE = FlixUITests/Info.plist;
				LD_RUNPATH_SEARCH_PATHS = (
					"$(inherited)",
					"@executable_path/Frameworks",
					"@loader_path/Frameworks",
				);
				PRODUCT_BUNDLE_IDENTIFIER = com.og.tomisin.FlixUITests;
				PRODUCT_NAME = "$(TARGET_NAME)";
				TARGETED_DEVICE_FAMILY = "1,2";
				TEST_TARGET_NAME = Flix;
			};
			name = Release;
		};
/* End XCBuildConfiguration section */

/* Begin XCConfigurationList section */
		94FBEB7B26839032005F3012 /* Build configuration list for PBXProject "Flix" */ = {
			isa = XCConfigurationList;
			buildConfigurations = (
				94FBEBAD26839033005F3012 /* Debug */,
				94FBEBAE26839033005F3012 /* Release */,
			);
			defaultConfigurationIsVisible = 0;
			defaultConfigurationName = Release;
		};
		94FBEBAF26839033005F3012 /* Build configuration list for PBXNativeTarget "Flix" */ = {
			isa = XCConfigurationList;
			buildConfigurations = (
				94FBEBB026839033005F3012 /* Debug */,
				94FBEBB126839033005F3012 /* Release */,
			);
			defaultConfigurationIsVisible = 0;
			defaultConfigurationName = Release;
		};
		94FBEBB226839033005F3012 /* Build configuration list for PBXNativeTarget "FlixTests" */ = {
			isa = XCConfigurationList;
			buildConfigurations = (
				94FBEBB326839033005F3012 /* Debug */,
				94FBEBB426839033005F3012 /* Release */,
			);
			defaultConfigurationIsVisible = 0;
			defaultConfigurationName = Release;
		};
		94FBEBB526839033005F3012 /* Build configuration list for PBXNativeTarget "FlixUITests" */ = {
			isa = XCConfigurationList;
			buildConfigurations = (
				94FBEBB626839033005F3012 /* Debug */,
				94FBEBB726839033005F3012 /* Release */,
			);
			defaultConfigurationIsVisible = 0;
			defaultConfigurationName = Release;
		};
/* End XCConfigurationList section */
	};
	rootObject = 94FBEB7826839032005F3012 /* Project object */;
}
